
Microsoft Visual Studio Solution File, Format Version 12.00
# Visual Studio Version 16
VisualStudioVersion = 25.0.1706.14
MinimumVisualStudioVersion = 10.0.40219.1
Project("{FAE04EC0-301F-11D3-BF4B-00C04F79EFBC}") = "Formation-ECommerce-11-025.Web", "Formation-ECommerce-11-025.Web\Formation-ECommerce-11-025.Web.csproj", "{510B8251-3C3F-47D7-B465-E29501A07810}"
EndProject
Project("{FAE04EC0-301F-11D3-BF4B-00C04F79EFBC}") = "Formation-ECommerce-11-2025.Core", "Formatin-ECommercie-11-2025.Core\Formation-ECommerce-11-2025.Core.csproj", "{AB582DAC-AA28-4D00-9A92-FE2701159CB9}"
EndProject
Project("{FAE04EC0-301F-11D3-BF4B-00C04F79EFBC}") = "Formation-ECommerce-11-025.Infrastructure", "Formation-ECommerce-11-025.Infrastructure\Formation-ECommerce-11-025.Infrastructure.csproj", "{E9EE66E0-DF9F-4FC1-ABB6-2F35C3105AB2}"
EndProject
Project("{FAE04EC0-301F-11D3-BF4B-00C04F79EFBC}") = "Formation-ECommerce-11-025.Application", "Formation-ECommerce-11-025.Application\Formation-ECommerce-11-025.Application.csproj", "{B921E410-F36D-4760-850A-2259A1778E2C}"
EndProject
Global
	GlobalSection(SolutionConfigurationPlatforms) = preSolution
		Debug|Any CPU = Debug|Any CPU
		Release|Any CPU = Release|Any CPU
	EndGlobalSection
	GlobalSection(ProjectConfigurationPlatforms) = postSolution
		{510B8251-3C3F-47D7-B465-E29501A07810}.Debug|Any CPU.ActiveCfg = Debug|Any CPU
		{510B8251-3C3F-47D7-B465-E29501A07810}.Debug|Any CPU.Build.0 = Debug|Any CPU
		{510B8251-3C3F-47D7-B465-E29501A07810}.Release|Any CPU.ActiveCfg = Release|Any CPU
		{510B8251-3C3F-47D7-B465-E29501A07810}.Release|Any CPU.Build.0 = Release|Any CPU
		{AB582DAC-AA28-4D00-9A92-FE2701159CB9}.Debug|Any CPU.ActiveCfg = Debug|Any CPU
		{AB582DAC-AA28-4D00-9A92-FE2701159CB9}.Debug|Any CPU.Build.0 = Debug|Any CPU
		{AB582DAC-AA28-4D00-9A92-FE2701159CB9}.Release|Any CPU.ActiveCfg = Release|Any CPU
		{AB582DAC-AA28-4D00-9A92-FE2701159CB9}.Release|Any CPU.Build.0 = Release|Any CPU
		{E9EE66E0-DF9F-4FC1-ABB6-2F35C3105AB2}.Debug|Any CPU.ActiveCfg = Debug|Any CPU
		{E9EE66E0-DF9F-4FC1-ABB6-2F35C3105AB2}.Debug|Any CPU.Build.0 = Debug|Any CPU
		{E9EE66E0-DF9F-4FC1-ABB6-2F35C3105AB2}.Release|Any CPU.ActiveCfg = Release|Any CPU
		{E9EE66E0-DF9F-4FC1-ABB6-2F35C3105AB2}.Release|Any CPU.Build.0 = Release|Any CPU
		{B921E410-F36D-4760-850A-2259A1778E2C}.Debug|Any CPU.ActiveCfg = Debug|Any CPU
		{B921E410-F36D-4760-850A-2259A1778E2C}.Debug|Any CPU.Build.0 = Debug|Any CPU
		{B921E410-F36D-4760-850A-2259A1778E2C}.Release|Any CPU.ActiveCfg = Release|Any CPU
		{B921E410-F36D-4760-850A-2259A1778E2C}.Release|Any CPU.Build.0 = Release|Any CPU
	EndGlobalSection
	GlobalSection(SolutionProperties) = preSolution
		HideSolutionNode = FALSE
	EndGlobalSection
	GlobalSection(ExtensibilityGlobals) = postSolution
		SolutionGuid = {69BF4FF7-F1F8-43C8-8035-36A2971A8291}
	EndGlobalSection
EndGlobal
